NeoBundleLock Unite.vim 52a787619d19db75f13f5ac3fd79c17d4c133b29
NeoBundleLock gundo.vim 3975ac871565115e3769dc69c06bc88ddc1369af
NeoBundleLock jellybeans.vim f931895c20681684278aef2ffd810730b9c36ec3
NeoBundleLock neobundle.vim 849487832fb2f3f76d2031bb439148d4bb85595d
NeoBundleLock neocomplcache 778181767467b8f8016828898779a646074d883a
NeoBundleLock neosnippet 19dc3db526f4441b7a419dd7899d84d5ab3f599f
NeoBundleLock neosnippet-snippets f72814aee4f8530b0f22ca9fa814e1e6473ba543
NeoBundleLock nerdtree bcf3de4fdffae45fc7c85b6b84a01b37177924aa
NeoBundleLock powerline 5905ac22bfcb1cfe6269bc88544b75924e34c2f7
NeoBundleLock syntastic 47c70b3e1e388d8f9cc7c6d9687efc047df843ac
NeoBundleLock unite-outline 0686316a5bd40f10cfd153d3c2d4c4dcfc1ab10a
NeoBundleLock vim-hybrid 75184dacef65991590514afca2943ad375d10dd3
NeoBundleLock vim-markdown e5af33f813cf0f26e7a125eb734c5f4a9597306e
